hash: 15c1083dc062f94e8a0ce50a2faf8db76b01c00ab9d5440a50a91b6a241477d4
updated: 2017-11-14T06:45:53.472924455Z
imports:
- name: github.com/gorilla/context
  version: 08b5f424b9271eedf6f9f0ce86cb9396ed337a42
- name: github.com/gorilla/mux
  version: 2d5fef06b891c971b14aa6f71ca5ab6c03a36e0e
testImports: []
